<Solution>
  <Folder Name="/eng/">
    <Project Path="eng/TrimGate/TrimGate.fsproj" />
  </Folder>
  <Folder Name="/src/">
    <Project Path="src/Etymon.Config/Etymon.Config.fsproj" />
    <Project Path="src/Etymon.Core/Etymon.Core.fsproj" />
    <Project Path="src/Etymon.Invariants.FsCheck/Etymon.Invariants.FsCheck.fsproj" />
    <Project Path="src/Etymon.Invariants/Etymon.Invariants.fsproj" />
    <Project Path="src/Etymon.Migrations/Etymon.Migrations.fsproj" />
    <Project Path="src/Etymon.Schema.OpenApi/Etymon.Schema.OpenApi.fsproj" />
    <Project Path="src/Etymon.Schema/Etymon.Schema.fsproj" />
    <Project Path="src/Etymon.Base/Etymon.Base.fsproj" />
  </Folder>
  <Folder Name="/tests/">
    <Project Path="tests/Etymon.Config.Tests/Etymon.Config.Tests.fsproj" />
    <Project Path="tests/Etymon.Core.Tests/Etymon.Core.Tests.fsproj" />
    <Project Path="tests/Etymon.Invariants.Tests/Etymon.Invariants.Tests.fsproj" />
    <Project Path="tests/Etymon.Schema.OpenApi.Tests/Etymon.Schema.OpenApi.Tests.fsproj" />
    <Project Path="tests/Etymon.Schema.Tests/Etymon.Schema.Tests.fsproj" />
    <Project Path="tests/Etymon.Base.Tests/Etymon.Base.Tests.fsproj" />
  </Folder>
</Solution>
